
Microsoft Visual Studio Solution File, Format Version 12.00
# Visual Studio Version 17
VisualStudioVersion = 17.5.33530.505
MinimumVisualStudioVersion = 10.0.40219.1
Project("{9A19103F-16F7-4668-BE54-9A1E7A4F7556}") = "BookstoreAPI", "BookstoreAPI\BookstoreAPI.csproj", "{800BCD97-A2D1-43AC-9E0B-E1E3C2CEBDFF}"
EndProject
Project("{FAE04EC0-301F-11D3-BF4B-00C04F79EFBC}") = "BookStore.RhetosExtendions", "BookStore.RhetosExtendions\BookStore.RhetosExtendions.csproj", "{C9887F9D-3BE5-4713-9A76-2130BCA400FB}"
EndProject
Global
	GlobalSection(SolutionConfigurationPlatforms) = preSolution
		Debug|Any CPU = Debug|Any CPU
		Release|Any CPU = Release|Any CPU
	EndGlobalSection
	GlobalSection(ProjectConfigurationPlatforms) = postSolution
		{800BCD97-A2D1-43AC-9E0B-E1E3C2CEBDFF}.Debug|Any CPU.ActiveCfg = Debug|Any CPU
		{800BCD97-A2D1-43AC-9E0B-E1E3C2CEBDFF}.Debug|Any CPU.Build.0 = Debug|Any CPU
		{800BCD97-A2D1-43AC-9E0B-E1E3C2CEBDFF}.Release|Any CPU.ActiveCfg = Release|Any CPU
		{800BCD97-A2D1-43AC-9E0B-E1E3C2CEBDFF}.Release|Any CPU.Build.0 = Release|Any CPU
		{C9887F9D-3BE5-4713-9A76-2130BCA400FB}.Debug|Any CPU.ActiveCfg = Debug|Any CPU
		{C9887F9D-3BE5-4713-9A76-2130BCA400FB}.Debug|Any CPU.Build.0 = Debug|Any CPU
		{C9887F9D-3BE5-4713-9A76-2130BCA400FB}.Release|Any CPU.ActiveCfg = Release|Any CPU
		{C9887F9D-3BE5-4713-9A76-2130BCA400FB}.Release|Any CPU.Build.0 = Release|Any CPU
	EndGlobalSection
	GlobalSection(SolutionProperties) = preSolution
		HideSolutionNode = FALSE
	EndGlobalSection
	GlobalSection(ExtensibilityGlobals) = postSolution
		SolutionGuid = {52A1E8F1-4AF8-4B7D-8185-8F97282DDCAD}
	EndGlobalSection
EndGlobal
